{
  "name": "hassu-common",
  "version": "1.0.0",
  "lockfileVersion": 3,
  "requires": true,
  "packages": {
    "": {
      "name": "hassu-common",
      "version": "1.0.0",
      "license": "ISC",
      "devDependencies": {
        "@types/node": "18.17.1"
      }
    },
    "node_modules/@types/node": {
      "version": "18.17.1",
      "resolved": "https://registry.npmjs.org/@types/node/-/node-18.17.1.tgz",
      "integrity": "sha512-xlR1jahfizdplZYRU59JlUx9uzF1ARa8jbhM11ccpCJya8kvos5jwdm2ZAgxSCwOl0fq21svP18EVwPBXMQudw==",
      "dev": true
    }
  }
}
